
Microsoft Visual Studio Solution File, Format Version 12.00
# Visual Studio Version 17
VisualStudioVersion = 17.3.32929.385
MinimumVisualStudioVersion = 10.0.40219.1
Project("{FAE04EC0-301F-11D3-BF4B-00C04F79EFBC}") = "Gym1", "Gym1.csproj", "{356C553F-01E0-4EC6-9132-A36F39F565CC}"
EndProject
Global
	GlobalSection(SolutionConfigurationPlatforms) = preSolution
		Debug|Any CPU = Debug|Any CPU
		Release|Any CPU = Release|Any CPU
	EndGlobalSection
	GlobalSection(ProjectConfigurationPlatforms) = postSolution
		{356C553F-01E0-4EC6-9132-A36F39F565CC}.Debug|Any CPU.ActiveCfg = Debug|Any CPU
		{356C553F-01E0-4EC6-9132-A36F39F565CC}.Debug|Any CPU.Build.0 = Debug|Any CPU
		{356C553F-01E0-4EC6-9132-A36F39F565CC}.Release|Any CPU.ActiveCfg = Release|Any CPU
		{356C553F-01E0-4EC6-9132-A36F39F565CC}.Release|Any CPU.Build.0 = Release|Any CPU
	EndGlobalSection
	GlobalSection(SolutionProperties) = preSolution
		HideSolutionNode = FALSE
	EndGlobalSection
	GlobalSection(ExtensibilityGlobals) = postSolution
		SolutionGuid = {99271A81-FF9F-4081-A203-0E48E37195B0}
	EndGlobalSection
EndGlobal
